<?xml version="1.0" encoding="utf-8"?>
<Project ToolsVersion="4.0" xmlns="http://schemas.microsoft.com/developer/msbuild/2003">
  <ItemGroup>
    <Filter Include="res">
      <UniqueIdentifier>{4ca2b10c-dd41-42f1-aeb1-9209a86f17d7}</UniqueIdentifier>
    </Filter>
    <Filter Include="res\shaders">
      <UniqueIdentifier>{2e7e8de3-5691-40b4-aa36-c09dc4d2b95a}</UniqueIdentifier>
    </Filter>
    <Filter Include="src">
      <UniqueIdentifier>{4FC737F1-C7A5-4376-A066-2A32D752A2FF}</UniqueIdentifier>
      <Extensions>cpp;c;cc;cxx;c++;cppm;ixx;def;odl;idl;hpj;bat;asm;asmx</Extensions>
    </Filter>
    <Filter Include="header">
      <UniqueIdentifier>{09e79910-e903-4ce7-b77d-f5fe2993d724}</UniqueIdentifier>
    </Filter>
    <Filter Include="vendor">
      <UniqueIdentifier>{0a18c0e5-8506-496e-998a-19402e2292fe}</UniqueIdentifier>
    </Filter>
    <Filter Include="vendor\stb_image">
      <UniqueIdentifier>{70e21c0c-5d89-417e-9722-b665fef05bcd}</UniqueIdentifier>
    </Filter>
    <Filter Include="imgui">
      <UniqueIdentifier>{0581ba4e-6dcd-4fcf-9901-a84e8c3be71f}</UniqueIdentifier>
    </Filter>
    <Filter Include="test">
      <UniqueIdentifier>{cc45d9d6-7c15-4b1a-be58-ff50e26b5478}</UniqueIdentifier>
    </Filter>
  </ItemGroup>
  <ItemGroup>
    <ClCompile Include="Application.cpp">
      <Filter>src</Filter>
    </ClCompile>
    <ClCompile Include="Renderer.cpp">
      <Filter>src</Filter>
    </ClCompile>
    <ClCompile Include="VertexBuffer.cpp">
      <Filter>src</Filter>
    </ClCompile>
    <ClCompile Include="VertexArray.cpp">
      <Filter>src</Filter>
    </ClCompile>
    <ClCompile Include="Shader.cpp">
      <Filter>src</Filter>
    </ClCompile>
    <ClCompile Include="stb_image.cpp">
      <Filter>vendor\stb_image</Filter>
    </ClCompile>
    <ClCompile Include="Texture.cpp">
      <Filter>src</Filter>
    </ClCompile>
    <ClCompile Include="IndexBuffer.cpp">
      <Filter>src</Filter>
    </ClCompile>
    <ClCompile Include="GLErrorManager.cpp">
      <Filter>src</Filter>
    </ClCompile>
    <ClCompile Include="imgui\imgui.cpp">
      <Filter>imgui</Filter>
    </ClCompile>
    <ClCompile Include="imgui\imgui_demo.cpp">
      <Filter>imgui</Filter>
    </ClCompile>
    <ClCompile Include="imgui\imgui_draw.cpp">
      <Filter>imgui</Filter>
    </ClCompile>
    <ClCompile Include="imgui\imgui_impl_glfw_gl3.cpp">
      <Filter>imgui</Filter>
    </ClCompile>
    <ClCompile Include="TestClearColor.cpp">
      <Filter>test</Filter>
    </ClCompile>
    <ClCompile Include="Test.cpp">
      <Filter>test</Filter>
    </ClCompile>
    <ClCompile Include="TestTexture2D.cpp">
      <Filter>test</Filter>
    </ClCompile>
    <ClCompile Include="TestTriangle2D.cpp">
      <Filter>test</Filter>
    </ClCompile>
    <ClCompile Include="TestQuadBatch.cpp">
      <Filter>test</Filter>
    </ClCompile>
  </ItemGroup>
  <ItemGroup>
    <None Include="Basic.shader">
      <Filter>res\shaders</Filter>
    </None>
    <None Include="Primitive.Shader">
      <Filter>res\shaders</Filter>
    </None>
  </ItemGroup>
  <ItemGroup>
    <ClInclude Include="IndexBuffer.h">
      <Filter>header</Filter>
    </ClInclude>
    <ClInclude Include="Shader.h">
      <Filter>header</Filter>
    </ClInclude>
    <ClInclude Include="VertexArray.h">
      <Filter>header</Filter>
    </ClInclude>
    <ClInclude Include="VertexBuffer.h">
      <Filter>header</Filter>
    </ClInclude>
    <ClInclude Include="Renderer.h">
      <Filter>header</Filter>
    </ClInclude>
    <ClInclude Include="VertexBufferLayout.h">
      <Filter>header</Filter>
    </ClInclude>
    <ClInclude Include="GLErrorManager.h">
      <Filter>header</Filter>
    </ClInclude>
    <ClInclude Include="stb_image.h">
      <Filter>vendor\stb_image</Filter>
    </ClInclude>
    <ClInclude Include="Timer.h">
      <Filter>header</Filter>
    </ClInclude>
    <ClInclude Include="imgui\imgui_internal.h">
      <Filter>imgui</Filter>
    </ClInclude>
    <ClInclude Include="imgui\imconfig.h">
      <Filter>imgui</Filter>
    </ClInclude>
    <ClInclude Include="imgui\imgui.h">
      <Filter>imgui</Filter>
    </ClInclude>
    <ClInclude Include="imgui\imgui_impl_glfw_gl3.h">
      <Filter>imgui</Filter>
    </ClInclude>
    <ClInclude Include="imgui\stb_rect_pack.h">
      <Filter>imgui</Filter>
    </ClInclude>
    <ClInclude Include="imgui\stb_textedit.h">
      <Filter>imgui</Filter>
    </ClInclude>
    <ClInclude Include="imgui\stb_truetype.h">
      <Filter>imgui</Filter>
    </ClInclude>
    <ClInclude Include="TestClearColor.h">
      <Filter>test</Filter>
    </ClInclude>
    <ClInclude Include="Test.h">
      <Filter>test</Filter>
    </ClInclude>
    <ClInclude Include="Texture.h">
      <Filter>header</Filter>
    </ClInclude>
    <ClInclude Include="TestTexture2D.h">
      <Filter>test</Filter>
    </ClInclude>
    <ClInclude Include="TestTriangle2D.h">
      <Filter>test</Filter>
    </ClInclude>
    <ClInclude Include="TestQuadBatch.h">
      <Filter>test</Filter>
    </ClInclude>
  </ItemGroup>
</Project>